
Microsoft Visual Studio Solution File, Format Version 12.00
# Visual Studio Version 16
VisualStudioVersion = 16.0.31105.61
MinimumVisualStudioVersion = 10.0.40219.1
Project("{FAE04EC0-301F-11D3-BF4B-00C04F79EFBC}") = "MapsData", "MapsData\MapsData.csproj", "{45860058-9487-4A26-A41A-D40C4F370A25}"
EndProject
Global
	GlobalSection(SolutionConfigurationPlatforms) = preSolution
		Debug|Any CPU = Debug|Any CPU
		Release|Any CPU = Release|Any CPU
	EndGlobalSection
	GlobalSection(ProjectConfigurationPlatforms) = postSolution
		{45860058-9487-4A26-A41A-D40C4F370A25}.Debug|Any CPU.ActiveCfg = Debug|Any CPU
		{45860058-9487-4A26-A41A-D40C4F370A25}.Debug|Any CPU.Build.0 = Debug|Any CPU
		{45860058-9487-4A26-A41A-D40C4F370A25}.Release|Any CPU.ActiveCfg = Release|Any CPU
		{45860058-9487-4A26-A41A-D40C4F370A25}.Release|Any CPU.Build.0 = Release|Any CPU
	EndGlobalSection
	GlobalSection(SolutionProperties) = preSolution
		HideSolutionNode = FALSE
	EndGlobalSection
	GlobalSection(ExtensibilityGlobals) = postSolution
		SolutionGuid = {5BB664A6-9A05-4A11-9F95-002A2A6CEED9}
	EndGlobalSection
EndGlobal
